{
  "originHash" : "3158a602362462427c5c5e4a5ce2c37beeddb7abd6de80d50654fa158edb4640",
  "pins" : [
    {
      "identity" : "occtswift",
      "kind" : "remoteSourceControl",
      "location" : "https://github.com/gsdali/OCCTSwift.git",
      "state" : {
        "revision" : "8bdd6b47cc1f02bccbf5f0eaa4fc40404985de44",
        "version" : "0.168.0"
      }
    }
  ],
  "version" : 3
}
