{
  "originHash" : "c94c6287e4f96bc1f661610fbd9bfa89da33fd582bba0eaf87e748cdbc7c59ed",
  "pins" : [
    {
      "identity" : "occtswift",
      "kind" : "remoteSourceControl",
      "location" : "https://github.com/gsdali/OCCTSwift.git",
      "state" : {
        "revision" : "27ec6a6f12b512bf7c6fbdced084470f4b2d7b44",
        "version" : "1.0.1"
      }
    },
    {
      "identity" : "occtswiftio",
      "kind" : "remoteSourceControl",
      "location" : "https://github.com/gsdali/OCCTSwiftIO.git",
      "state" : {
        "revision" : "ef7a4ad2d9c057968cda24f08122534e54980f50",
        "version" : "1.0.0"
      }
    },
    {
      "identity" : "occtswifttools",
      "kind" : "remoteSourceControl",
      "location" : "https://github.com/gsdali/OCCTSwiftTools.git",
      "state" : {
        "revision" : "4a082ee3af755cd60e159a9b82f214ee5239dd8c",
        "version" : "1.0.0"
      }
    }
  ],
  "version" : 3
}
