{
  "originHash" : "aaab35bd5463cc520e4ce77d72c5c4298753e5acbbdecd6e142c2c61975ade19",
  "pins" : [
    {
      "identity" : "occtswifttools",
      "kind" : "remoteSourceControl",
      "location" : "https://github.com/gsdali/OCCTSwiftTools.git",
      "state" : {
        "revision" : "8dd65b1765bb4962bd930e8594eaf32d435ba2bb",
        "version" : "0.5.0"
      }
    }
  ],
  "version" : 3
}
