{
  "originHash" : "775c7e77659a6e1c12baf58f1be1aa695cfa014cdf7986ee74ec3510eace6508",
  "pins" : [
    {
      "identity" : "occtswiftio",
      "kind" : "remoteSourceControl",
      "location" : "https://github.com/gsdali/OCCTSwiftIO.git",
      "state" : {
        "revision" : "05881da56a557873d3bd8a1a3b48f997eef504a6",
        "version" : "1.0.1"
      }
    }
  ],
  "version" : 3
}
